
Microsoft Visual Studio Solution File, Format Version 12.00
# Visual Studio Version 17
VisualStudioVersion = 17.5.33530.505
MinimumVisualStudioVersion = 10.0.40219.1
Project("{9A19103F-16F7-4668-BE54-9A1E7A4F7556}") = "merketo", "merketo.csproj", "{A30D52D1-8B3B-4A7B-A596-2DB3B5361954}"
EndProject
Global
	GlobalSection(SolutionConfigurationPlatforms) = preSolution
		Debug|Any CPU = Debug|Any CPU
		Release|Any CPU = Release|Any CPU
	EndGlobalSection
	GlobalSection(ProjectConfigurationPlatforms) = postSolution
		{A30D52D1-8B3B-4A7B-A596-2DB3B5361954}.Debug|Any CPU.ActiveCfg = Debug|Any CPU
		{A30D52D1-8B3B-4A7B-A596-2DB3B5361954}.Debug|Any CPU.Build.0 = Debug|Any CPU
		{A30D52D1-8B3B-4A7B-A596-2DB3B5361954}.Release|Any CPU.ActiveCfg = Release|Any CPU
		{A30D52D1-8B3B-4A7B-A596-2DB3B5361954}.Release|Any CPU.Build.0 = Release|Any CPU
	EndGlobalSection
	GlobalSection(SolutionProperties) = preSolution
		HideSolutionNode = FALSE
	EndGlobalSection
	GlobalSection(ExtensibilityGlobals) = postSolution
		SolutionGuid = {16F9D4FA-9178-4338-94A2-027414EE60C5}
	EndGlobalSection
EndGlobal
